
Microsoft Visual Studio Solution File, Format Version 12.00
# Visual Studio 2013
VisualStudioVersion = 12.0.40629.0
MinimumVisualStudioVersion = 10.0.40219.1
Project("{FAE04EC0-301F-11D3-BF4B-00C04F79EFBC}") = "ForgetfulJohny-CodeWars", "ForgetfulJohny-CodeWars\ForgetfulJohny-CodeWars.csproj", "{FBC32BC1-8DFD-4F7A-BA3A-87542BA65168}"
EndProject
Project("{FAE04EC0-301F-11D3-BF4B-00C04F79EFBC}") = "ForgetfulJohny-CodeWars_Tests", "UnitTestProject1\ForgetfulJohny-CodeWars_Tests.csproj", "{3463C308-E260-41C8-A687-712461202F66}"
EndProject
Global
	GlobalSection(SolutionConfigurationPlatforms) = preSolution
		Debug|Any CPU = Debug|Any CPU
		Release|Any CPU = Release|Any CPU
	EndGlobalSection
	GlobalSection(ProjectConfigurationPlatforms) = postSolution
		{FBC32BC1-8DFD-4F7A-BA3A-87542BA65168}.Debug|Any CPU.ActiveCfg = Debug|Any CPU
		{FBC32BC1-8DFD-4F7A-BA3A-87542BA65168}.Debug|Any CPU.Build.0 = Debug|Any CPU
		{FBC32BC1-8DFD-4F7A-BA3A-87542BA65168}.Release|Any CPU.ActiveCfg = Release|Any CPU
		{FBC32BC1-8DFD-4F7A-BA3A-87542BA65168}.Release|Any CPU.Build.0 = Release|Any CPU
		{3463C308-E260-41C8-A687-712461202F66}.Debug|Any CPU.ActiveCfg = Debug|Any CPU
		{3463C308-E260-41C8-A687-712461202F66}.Debug|Any CPU.Build.0 = Debug|Any CPU
		{3463C308-E260-41C8-A687-712461202F66}.Release|Any CPU.ActiveCfg = Release|Any CPU
		{3463C308-E260-41C8-A687-712461202F66}.Release|Any CPU.Build.0 = Release|Any CPU
	EndGlobalSection
	GlobalSection(SolutionProperties) = preSolution
		HideSolutionNode = FALSE
	EndGlobalSection
EndGlobal
